
Microsoft Visual Studio Solution File, Format Version 12.00
# Visual Studio Version 16
VisualStudioVersion = 16.0.810.3
MinimumVisualStudioVersion = 10.0.40219.1
Project("{FAE04EC0-301F-11D3-BF4B-00C04F79EFBC}") = "ImagePickerSample.Android", "ImagePickerSample.Android\ImagePickerSample.Android.csproj", "{9A5C71DB-1BF8-4AEC-9B94-5B0F02B7C2BF}"
EndProject
Project("{FAE04EC0-301F-11D3-BF4B-00C04F79EFBC}") = "ImagePickerSample.iOS", "ImagePickerSample.iOS\ImagePickerSample.iOS.csproj", "{5E081000-1A66-489F-ABBC-4C0158D824FF}"
EndProject
Project("{FAE04EC0-301F-11D3-BF4B-00C04F79EFBC}") = "ImagePickerSample", "ImagePickerSample\ImagePickerSample.csproj", "{C871C938-40D7-4019-BDC6-32D492BA0C94}"
EndProject
Project("{FAE04EC0-301F-11D3-BF4B-00C04F79EFBC}") = "ImageShareExtensionSample", "ImageShareExtensionSample\ImageShareExtensionSample.csproj", "{988F3502-9825-4D6E-AFBF-139B17C0FB55}"
EndProject
Global
	GlobalSection(SolutionConfigurationPlatforms) = preSolution
		Debug|Any CPU = Debug|Any CPU
		Release|Any CPU = Release|Any CPU
		Debug|iPhoneSimulator = Debug|iPhoneSimulator
		Release|iPhoneSimulator = Release|iPhoneSimulator
		Debug|iPhone = Debug|iPhone
		Release|iPhone = Release|iPhone
	EndGlobalSection
	GlobalSection(ProjectConfigurationPlatforms) = postSolution
		{9A5C71DB-1BF8-4AEC-9B94-5B0F02B7C2BF}.Debug|Any CPU.ActiveCfg = Debug|Any CPU
		{9A5C71DB-1BF8-4AEC-9B94-5B0F02B7C2BF}.Debug|Any CPU.Build.0 = Debug|Any CPU
		{9A5C71DB-1BF8-4AEC-9B94-5B0F02B7C2BF}.Release|Any CPU.ActiveCfg = Release|Any CPU
		{9A5C71DB-1BF8-4AEC-9B94-5B0F02B7C2BF}.Release|Any CPU.Build.0 = Release|Any CPU
		{9A5C71DB-1BF8-4AEC-9B94-5B0F02B7C2BF}.Debug|iPhoneSimulator.ActiveCfg = Debug|Any CPU
		{9A5C71DB-1BF8-4AEC-9B94-5B0F02B7C2BF}.Debug|iPhoneSimulator.Build.0 = Debug|Any CPU
		{9A5C71DB-1BF8-4AEC-9B94-5B0F02B7C2BF}.Release|iPhoneSimulator.ActiveCfg = Release|Any CPU
		{9A5C71DB-1BF8-4AEC-9B94-5B0F02B7C2BF}.Release|iPhoneSimulator.Build.0 = Release|Any CPU
		{9A5C71DB-1BF8-4AEC-9B94-5B0F02B7C2BF}.Debug|iPhone.ActiveCfg = Debug|Any CPU
		{9A5C71DB-1BF8-4AEC-9B94-5B0F02B7C2BF}.Debug|iPhone.Build.0 = Debug|Any CPU
		{9A5C71DB-1BF8-4AEC-9B94-5B0F02B7C2BF}.Release|iPhone.ActiveCfg = Release|Any CPU
		{9A5C71DB-1BF8-4AEC-9B94-5B0F02B7C2BF}.Release|iPhone.Build.0 = Release|Any CPU
		{5E081000-1A66-489F-ABBC-4C0158D824FF}.Debug|Any CPU.ActiveCfg = Debug|iPhoneSimulator
		{5E081000-1A66-489F-ABBC-4C0158D824FF}.Debug|Any CPU.Build.0 = Debug|iPhoneSimulator
		{5E081000-1A66-489F-ABBC-4C0158D824FF}.Release|Any CPU.ActiveCfg = Release|iPhoneSimulator
		{5E081000-1A66-489F-ABBC-4C0158D824FF}.Release|Any CPU.Build.0 = Release|iPhoneSimulator
		{5E081000-1A66-489F-ABBC-4C0158D824FF}.Debug|iPhoneSimulator.ActiveCfg = Debug|iPhoneSimulator
		{5E081000-1A66-489F-ABBC-4C0158D824FF}.Debug|iPhoneSimulator.Build.0 = Debug|iPhoneSimulator
		{5E081000-1A66-489F-ABBC-4C0158D824FF}.Release|iPhoneSimulator.ActiveCfg = Release|iPhoneSimulator
		{5E081000-1A66-489F-ABBC-4C0158D824FF}.Release|iPhoneSimulator.Build.0 = Release|iPhoneSimulator
		{5E081000-1A66-489F-ABBC-4C0158D824FF}.Debug|iPhone.ActiveCfg = Debug|iPhone
		{5E081000-1A66-489F-ABBC-4C0158D824FF}.Debug|iPhone.Build.0 = Debug|iPhone
		{5E081000-1A66-489F-ABBC-4C0158D824FF}.Release|iPhone.ActiveCfg = Release|iPhone
		{5E081000-1A66-489F-ABBC-4C0158D824FF}.Release|iPhone.Build.0 = Release|iPhone
		{C871C938-40D7-4019-BDC6-32D492BA0C94}.Debug|Any CPU.ActiveCfg = Debug|Any CPU
		{C871C938-40D7-4019-BDC6-32D492BA0C94}.Debug|Any CPU.Build.0 = Debug|Any CPU
		{C871C938-40D7-4019-BDC6-32D492BA0C94}.Release|Any CPU.ActiveCfg = Release|Any CPU
		{C871C938-40D7-4019-BDC6-32D492BA0C94}.Release|Any CPU.Build.0 = Release|Any CPU
		{C871C938-40D7-4019-BDC6-32D492BA0C94}.Debug|iPhoneSimulator.ActiveCfg = Debug|Any CPU
		{C871C938-40D7-4019-BDC6-32D492BA0C94}.Debug|iPhoneSimulator.Build.0 = Debug|Any CPU
		{C871C938-40D7-4019-BDC6-32D492BA0C94}.Release|iPhoneSimulator.ActiveCfg = Release|Any CPU
		{C871C938-40D7-4019-BDC6-32D492BA0C94}.Release|iPhoneSimulator.Build.0 = Release|Any CPU
		{C871C938-40D7-4019-BDC6-32D492BA0C94}.Debug|iPhone.ActiveCfg = Debug|Any CPU
		{C871C938-40D7-4019-BDC6-32D492BA0C94}.Debug|iPhone.Build.0 = Debug|Any CPU
		{C871C938-40D7-4019-BDC6-32D492BA0C94}.Release|iPhone.ActiveCfg = Release|Any CPU
		{C871C938-40D7-4019-BDC6-32D492BA0C94}.Release|iPhone.Build.0 = Release|Any CPU
		{988F3502-9825-4D6E-AFBF-139B17C0FB55}.Debug|Any CPU.ActiveCfg = Debug|iPhoneSimulator
		{988F3502-9825-4D6E-AFBF-139B17C0FB55}.Debug|Any CPU.Build.0 = Debug|iPhoneSimulator
		{988F3502-9825-4D6E-AFBF-139B17C0FB55}.Release|Any CPU.ActiveCfg = Release|iPhoneSimulator
		{988F3502-9825-4D6E-AFBF-139B17C0FB55}.Release|Any CPU.Build.0 = Release|iPhoneSimulator
		{988F3502-9825-4D6E-AFBF-139B17C0FB55}.Debug|iPhoneSimulator.ActiveCfg = Debug|iPhoneSimulator
		{988F3502-9825-4D6E-AFBF-139B17C0FB55}.Debug|iPhoneSimulator.Build.0 = Debug|iPhoneSimulator
		{988F3502-9825-4D6E-AFBF-139B17C0FB55}.Release|iPhoneSimulator.ActiveCfg = Release|iPhoneSimulator
		{988F3502-9825-4D6E-AFBF-139B17C0FB55}.Release|iPhoneSimulator.Build.0 = Release|iPhoneSimulator
		{988F3502-9825-4D6E-AFBF-139B17C0FB55}.Debug|iPhone.ActiveCfg = Debug|iPhone
		{988F3502-9825-4D6E-AFBF-139B17C0FB55}.Debug|iPhone.Build.0 = Debug|iPhone
		{988F3502-9825-4D6E-AFBF-139B17C0FB55}.Release|iPhone.ActiveCfg = Release|iPhone
		{988F3502-9825-4D6E-AFBF-139B17C0FB55}.Release|iPhone.Build.0 = Release|iPhone
	EndGlobalSection
	GlobalSection(SolutionProperties) = preSolution
		HideSolutionNode = FALSE
	EndGlobalSection
	GlobalSection(ExtensibilityGlobals) = postSolution
		SolutionGuid = {2D09DE6E-8E5B-4722-95FF-02179105683B}
	EndGlobalSection
EndGlobal
